
Microsoft Visual Studio Solution File, Format Version 12.00
# Visual Studio Version 17
VisualStudioVersion = 17.0.31903.59
MinimumVisualStudioVersion = 10.0.40219.1
Project("{2150E333-8FDC-42A3-9474-1A3956D46DE8}") = "FrontEnd", "FrontEnd", "{C53CF618-9F05-458D-8842-8CF136A60E42}"
EndProject
Project("{2150E333-8FDC-42A3-9474-1A3956D46DE8}") = "BackEnd", "BackEnd", "{3F0E48C4-1162-4957-BC75-0D594D311B2C}"
EndProject
Project("{2150E333-8FDC-42A3-9474-1A3956D46DE8}") = "Web", "Web", "{1F298729-894A-41AB-8272-E443FC0B7ED5}"
EndProject
Project("{2150E333-8FDC-42A3-9474-1A3956D46DE8}") = "Desktop", "Desktop", "{6070EF2B-4C39-41FD-95A8-B41F12F9A9FF}"
EndProject
Project("{2150E333-8FDC-42A3-9474-1A3956D46DE8}") = "Services", "Services", "{666FB979-B37D-423F-BA50-772C0D1671D3}"
EndProject
Project("{2150E333-8FDC-42A3-9474-1A3956D46DE8}") = "Common", "Common", "{D56AF65B-FD05-457B-AA33-C64C257C8BA8}"
EndProject
Project("{2150E333-8FDC-42A3-9474-1A3956D46DE8}") = "Api", "Api", "{CD191E77-3CB2-45A8-A026-DA8890762FEC}"
EndProject
Project("{2150E333-8FDC-42A3-9474-1A3956D46DE8}") = "Common", "Common", "{667F4E06-FF70-4F30-AD47-1B57E49DAB49}"
EndProject
Project("{9A19103F-16F7-4668-BE54-9A1E7A4F7556}") = "LC.Backend.Api", "LC.Backend.Api\LC.Backend.Api.csproj", "{AD0A253C-23DF-4543-B7F6-78DFCEC2DFEE}"
EndProject
Project("{9A19103F-16F7-4668-BE54-9A1E7A4F7556}") = "LC.Backend.Common", "LC.Backend.Common\LC.Backend.Common.csproj", "{BBF7C783-9BFA-4C66-8C1E-D7991A463261}"
EndProject
Project("{9A19103F-16F7-4668-BE54-9A1E7A4F7556}") = "LC.Services.Identity", "LC.Services.Identity\LC.Services.Identity.csproj", "{25FFC520-17E5-4CA2-9069-C0748C3A73AD}"
EndProject
Project("{FAE04EC0-301F-11D3-BF4B-00C04F79EFBC}") = "LC.Services.Logging", "LC.Services.Logging\LC.Services.Logging.csproj", "{5F0C0E5E-6398-4C0D-8E7F-6A14916E62DE}"
EndProject
Global
	GlobalSection(SolutionConfigurationPlatforms) = preSolution
		Debug|Any CPU = Debug|Any CPU
		Release|Any CPU = Release|Any CPU
	EndGlobalSection
	GlobalSection(ProjectConfigurationPlatforms) = postSolution
		{AD0A253C-23DF-4543-B7F6-78DFCEC2DFEE}.Debug|Any CPU.ActiveCfg = Debug|Any CPU
		{AD0A253C-23DF-4543-B7F6-78DFCEC2DFEE}.Debug|Any CPU.Build.0 = Debug|Any CPU
		{AD0A253C-23DF-4543-B7F6-78DFCEC2DFEE}.Release|Any CPU.ActiveCfg = Release|Any CPU
		{AD0A253C-23DF-4543-B7F6-78DFCEC2DFEE}.Release|Any CPU.Build.0 = Release|Any CPU
		{BBF7C783-9BFA-4C66-8C1E-D7991A463261}.Debug|Any CPU.ActiveCfg = Debug|Any CPU
		{BBF7C783-9BFA-4C66-8C1E-D7991A463261}.Debug|Any CPU.Build.0 = Debug|Any CPU
		{BBF7C783-9BFA-4C66-8C1E-D7991A463261}.Release|Any CPU.ActiveCfg = Release|Any CPU
		{BBF7C783-9BFA-4C66-8C1E-D7991A463261}.Release|Any CPU.Build.0 = Release|Any CPU
		{25FFC520-17E5-4CA2-9069-C0748C3A73AD}.Debug|Any CPU.ActiveCfg = Debug|Any CPU
		{25FFC520-17E5-4CA2-9069-C0748C3A73AD}.Debug|Any CPU.Build.0 = Debug|Any CPU
		{25FFC520-17E5-4CA2-9069-C0748C3A73AD}.Release|Any CPU.ActiveCfg = Release|Any CPU
		{25FFC520-17E5-4CA2-9069-C0748C3A73AD}.Release|Any CPU.Build.0 = Release|Any CPU
		{5F0C0E5E-6398-4C0D-8E7F-6A14916E62DE}.Debug|Any CPU.ActiveCfg = Debug|Any CPU
		{5F0C0E5E-6398-4C0D-8E7F-6A14916E62DE}.Debug|Any CPU.Build.0 = Debug|Any CPU
		{5F0C0E5E-6398-4C0D-8E7F-6A14916E62DE}.Release|Any CPU.ActiveCfg = Release|Any CPU
		{5F0C0E5E-6398-4C0D-8E7F-6A14916E62DE}.Release|Any CPU.Build.0 = Release|Any CPU
	EndGlobalSection
	GlobalSection(SolutionProperties) = preSolution
		HideSolutionNode = FALSE
	EndGlobalSection
	GlobalSection(NestedProjects) = preSolution
		{1F298729-894A-41AB-8272-E443FC0B7ED5} = {C53CF618-9F05-458D-8842-8CF136A60E42}
		{6070EF2B-4C39-41FD-95A8-B41F12F9A9FF} = {C53CF618-9F05-458D-8842-8CF136A60E42}
		{666FB979-B37D-423F-BA50-772C0D1671D3} = {3F0E48C4-1162-4957-BC75-0D594D311B2C}
		{D56AF65B-FD05-457B-AA33-C64C257C8BA8} = {3F0E48C4-1162-4957-BC75-0D594D311B2C}
		{CD191E77-3CB2-45A8-A026-DA8890762FEC} = {3F0E48C4-1162-4957-BC75-0D594D311B2C}
		{667F4E06-FF70-4F30-AD47-1B57E49DAB49} = {C53CF618-9F05-458D-8842-8CF136A60E42}
		{AD0A253C-23DF-4543-B7F6-78DFCEC2DFEE} = {CD191E77-3CB2-45A8-A026-DA8890762FEC}
		{BBF7C783-9BFA-4C66-8C1E-D7991A463261} = {D56AF65B-FD05-457B-AA33-C64C257C8BA8}
		{25FFC520-17E5-4CA2-9069-C0748C3A73AD} = {666FB979-B37D-423F-BA50-772C0D1671D3}
		{5F0C0E5E-6398-4C0D-8E7F-6A14916E62DE} = {666FB979-B37D-423F-BA50-772C0D1671D3}
	EndGlobalSection
	GlobalSection(ExtensibilityGlobals) = postSolution
		SolutionGuid = {BCAF50ED-E9B9-4CC2-9F6C-9C2AEB2D7918}
	EndGlobalSection
EndGlobal
