
Microsoft Visual Studio Solution File, Format Version 12.00
# Visual Studio Version 17
VisualStudioVersion = 17.0.31903.59
MinimumVisualStudioVersion = 10.0.40219.1
Project("{2150E333-8FDC-42A3-9474-1A3956D46DE8}") = "BackEnd", "BackEnd", "{3F0E48C4-1162-4957-BC75-0D594D311B2C}"
EndProject
Project("{2150E333-8FDC-42A3-9474-1A3956D46DE8}") = "Services", "Services", "{666FB979-B37D-423F-BA50-772C0D1671D3}"
EndProject
Project("{2150E333-8FDC-42A3-9474-1A3956D46DE8}") = "Common", "Common", "{D56AF65B-FD05-457B-AA33-C64C257C8BA8}"
EndProject
Project("{2150E333-8FDC-42A3-9474-1A3956D46DE8}") = "Api", "Api", "{CD191E77-3CB2-45A8-A026-DA8890762FEC}"
EndProject
Project("{9A19103F-16F7-4668-BE54-9A1E7A4F7556}") = "LC.Backend.Api", "LC.Backend.Api\LC.Backend.Api.csproj", "{AD0A253C-23DF-4543-B7F6-78DFCEC2DFEE}"
EndProject
Project("{9A19103F-16F7-4668-BE54-9A1E7A4F7556}") = "LC.Backend.Common", "LC.Backend.Common\LC.Backend.Common.csproj", "{BBF7C783-9BFA-4C66-8C1E-D7991A463261}"
EndProject
Project("{9A19103F-16F7-4668-BE54-9A1E7A4F7556}") = "LC.Services.Identity", "LC.Services.Identity\LC.Services.Identity.csproj", "{25FFC520-17E5-4CA2-9069-C0748C3A73AD}"
EndProject
Project("{9A19103F-16F7-4668-BE54-9A1E7A4F7556}") = "LC.Services.Logging", "LC.Services.Logging\LC.Services.Logging.csproj", "{5F0C0E5E-6398-4C0D-8E7F-6A14916E62DE}"
EndProject
Project("{2150E333-8FDC-42A3-9474-1A3956D46DE8}") = "Solution Items", "Solution Items", "{9BB0A843-9174-4BDC-BECE-D3A1DD2ADC54}"
	ProjectSection(SolutionItems) = preProject
		nginx\Dockerfile = nginx\Dockerfile
		nginx\nginx.conf = nginx\nginx.conf
	EndProjectSection
EndProject
Project("{E53339B2-1760-4266-BCC7-CA923CBCF16C}") = "docker-compose", "docker-compose.dcproj", "{229DB73D-CFD7-4EB2-9EC0-13BBDBAD343D}"
	ProjectSection(ProjectDependencies) = postProject
		{BBF7C783-9BFA-4C66-8C1E-D7991A463261} = {BBF7C783-9BFA-4C66-8C1E-D7991A463261}
	EndProjectSection
EndProject
Project("{2150E333-8FDC-42A3-9474-1A3956D46DE8}") = "FrontEnd", "FrontEnd", "{C40B5AAE-9633-4456-9D15-FE34F0016CA6}"
EndProject
Project("{2150E333-8FDC-42A3-9474-1A3956D46DE8}") = "Web", "Web", "{8C997655-4C71-4097-8A11-49E6C016258F}"
EndProject
Project("{9A19103F-16F7-4668-BE54-9A1E7A4F7556}") = "LCWeb", "LCWeb\LCWeb.csproj", "{F9634D8B-E395-41D4-8DED-ED474DC004BC}"
EndProject
Project("{9A19103F-16F7-4668-BE54-9A1E7A4F7556}") = "LCWebLayout", "LCWebLayout\LCWebLayout.csproj", "{074BACCB-D24B-4FA8-B608-7CCF23A842AD}"
EndProject
Project("{9A19103F-16F7-4668-BE54-9A1E7A4F7556}") = "LCLazyComponent", "LCLazyComponent\LCLazyComponent.csproj", "{2472983B-258B-4E1C-A91D-85B66A39EE35}"
EndProject
Project("{9A19103F-16F7-4668-BE54-9A1E7A4F7556}") = "LCWebAssembly", "LCWebAssembly\LCWebAssembly.csproj", "{149EEFE7-D59A-4401-B470-64F3280CA67F}"
EndProject
Project("{9A19103F-16F7-4668-BE54-9A1E7A4F7556}") = "LCConfiguration", "LCConfiguration\LCConfiguration.csproj", "{3C4C89FD-0233-49E0-962F-E55E87BD0BC5}"
EndProject
Project("{FAE04EC0-301F-11D3-BF4B-00C04F79EFBC}") = "LCLazyService", "LCLazyService\LCLazyService.csproj", "{816BD806-220D-42CA-8010-C4A384DE8DFE}"
EndProject
Project("{FAE04EC0-301F-11D3-BF4B-00C04F79EFBC}") = "LCRegistration", "LCRegistration\LCRegistration.csproj", "{D7FC0B95-EC11-4956-BF52-97494E7DAEAB}"
EndProject
Global
	GlobalSection(SolutionConfigurationPlatforms) = preSolution
		Debug|Any CPU = Debug|Any CPU
		Release|Any CPU = Release|Any CPU
	EndGlobalSection
	GlobalSection(ProjectConfigurationPlatforms) = postSolution
		{AD0A253C-23DF-4543-B7F6-78DFCEC2DFEE}.Debug|Any CPU.ActiveCfg = Debug|Any CPU
		{AD0A253C-23DF-4543-B7F6-78DFCEC2DFEE}.Debug|Any CPU.Build.0 = Debug|Any CPU
		{AD0A253C-23DF-4543-B7F6-78DFCEC2DFEE}.Release|Any CPU.ActiveCfg = Release|Any CPU
		{AD0A253C-23DF-4543-B7F6-78DFCEC2DFEE}.Release|Any CPU.Build.0 = Release|Any CPU
		{BBF7C783-9BFA-4C66-8C1E-D7991A463261}.Debug|Any CPU.ActiveCfg = Debug|Any CPU
		{BBF7C783-9BFA-4C66-8C1E-D7991A463261}.Debug|Any CPU.Build.0 = Debug|Any CPU
		{BBF7C783-9BFA-4C66-8C1E-D7991A463261}.Release|Any CPU.ActiveCfg = Release|Any CPU
		{BBF7C783-9BFA-4C66-8C1E-D7991A463261}.Release|Any CPU.Build.0 = Release|Any CPU
		{25FFC520-17E5-4CA2-9069-C0748C3A73AD}.Debug|Any CPU.ActiveCfg = Debug|Any CPU
		{25FFC520-17E5-4CA2-9069-C0748C3A73AD}.Debug|Any CPU.Build.0 = Debug|Any CPU
		{25FFC520-17E5-4CA2-9069-C0748C3A73AD}.Release|Any CPU.ActiveCfg = Release|Any CPU
		{25FFC520-17E5-4CA2-9069-C0748C3A73AD}.Release|Any CPU.Build.0 = Release|Any CPU
		{5F0C0E5E-6398-4C0D-8E7F-6A14916E62DE}.Debug|Any CPU.ActiveCfg = Debug|Any CPU
		{5F0C0E5E-6398-4C0D-8E7F-6A14916E62DE}.Debug|Any CPU.Build.0 = Debug|Any CPU
		{5F0C0E5E-6398-4C0D-8E7F-6A14916E62DE}.Release|Any CPU.ActiveCfg = Release|Any CPU
		{5F0C0E5E-6398-4C0D-8E7F-6A14916E62DE}.Release|Any CPU.Build.0 = Release|Any CPU
		{229DB73D-CFD7-4EB2-9EC0-13BBDBAD343D}.Debug|Any CPU.ActiveCfg = Debug|Any CPU
		{229DB73D-CFD7-4EB2-9EC0-13BBDBAD343D}.Debug|Any CPU.Build.0 = Debug|Any CPU
		{229DB73D-CFD7-4EB2-9EC0-13BBDBAD343D}.Release|Any CPU.ActiveCfg = Release|Any CPU
		{229DB73D-CFD7-4EB2-9EC0-13BBDBAD343D}.Release|Any CPU.Build.0 = Release|Any CPU
		{F9634D8B-E395-41D4-8DED-ED474DC004BC}.Debug|Any CPU.ActiveCfg = Debug|Any CPU
		{F9634D8B-E395-41D4-8DED-ED474DC004BC}.Debug|Any CPU.Build.0 = Debug|Any CPU
		{F9634D8B-E395-41D4-8DED-ED474DC004BC}.Release|Any CPU.ActiveCfg = Release|Any CPU
		{F9634D8B-E395-41D4-8DED-ED474DC004BC}.Release|Any CPU.Build.0 = Release|Any CPU
		{074BACCB-D24B-4FA8-B608-7CCF23A842AD}.Debug|Any CPU.ActiveCfg = Debug|Any CPU
		{074BACCB-D24B-4FA8-B608-7CCF23A842AD}.Debug|Any CPU.Build.0 = Debug|Any CPU
		{074BACCB-D24B-4FA8-B608-7CCF23A842AD}.Release|Any CPU.ActiveCfg = Release|Any CPU
		{074BACCB-D24B-4FA8-B608-7CCF23A842AD}.Release|Any CPU.Build.0 = Release|Any CPU
		{2472983B-258B-4E1C-A91D-85B66A39EE35}.Debug|Any CPU.ActiveCfg = Debug|Any CPU
		{2472983B-258B-4E1C-A91D-85B66A39EE35}.Debug|Any CPU.Build.0 = Debug|Any CPU
		{2472983B-258B-4E1C-A91D-85B66A39EE35}.Release|Any CPU.ActiveCfg = Release|Any CPU
		{2472983B-258B-4E1C-A91D-85B66A39EE35}.Release|Any CPU.Build.0 = Release|Any CPU
		{149EEFE7-D59A-4401-B470-64F3280CA67F}.Debug|Any CPU.ActiveCfg = Debug|Any CPU
		{149EEFE7-D59A-4401-B470-64F3280CA67F}.Debug|Any CPU.Build.0 = Debug|Any CPU
		{149EEFE7-D59A-4401-B470-64F3280CA67F}.Release|Any CPU.ActiveCfg = Release|Any CPU
		{149EEFE7-D59A-4401-B470-64F3280CA67F}.Release|Any CPU.Build.0 = Release|Any CPU
		{3C4C89FD-0233-49E0-962F-E55E87BD0BC5}.Debug|Any CPU.ActiveCfg = Debug|Any CPU
		{3C4C89FD-0233-49E0-962F-E55E87BD0BC5}.Debug|Any CPU.Build.0 = Debug|Any CPU
		{3C4C89FD-0233-49E0-962F-E55E87BD0BC5}.Release|Any CPU.ActiveCfg = Release|Any CPU
		{3C4C89FD-0233-49E0-962F-E55E87BD0BC5}.Release|Any CPU.Build.0 = Release|Any CPU
		{816BD806-220D-42CA-8010-C4A384DE8DFE}.Debug|Any CPU.ActiveCfg = Debug|Any CPU
		{816BD806-220D-42CA-8010-C4A384DE8DFE}.Debug|Any CPU.Build.0 = Debug|Any CPU
		{816BD806-220D-42CA-8010-C4A384DE8DFE}.Release|Any CPU.ActiveCfg = Release|Any CPU
		{816BD806-220D-42CA-8010-C4A384DE8DFE}.Release|Any CPU.Build.0 = Release|Any CPU
		{D7FC0B95-EC11-4956-BF52-97494E7DAEAB}.Debug|Any CPU.ActiveCfg = Debug|Any CPU
		{D7FC0B95-EC11-4956-BF52-97494E7DAEAB}.Debug|Any CPU.Build.0 = Debug|Any CPU
		{D7FC0B95-EC11-4956-BF52-97494E7DAEAB}.Release|Any CPU.ActiveCfg = Release|Any CPU
		{D7FC0B95-EC11-4956-BF52-97494E7DAEAB}.Release|Any CPU.Build.0 = Release|Any CPU
	EndGlobalSection
	GlobalSection(SolutionProperties) = preSolution
		HideSolutionNode = FALSE
	EndGlobalSection
	GlobalSection(NestedProjects) = preSolution
		{666FB979-B37D-423F-BA50-772C0D1671D3} = {3F0E48C4-1162-4957-BC75-0D594D311B2C}
		{D56AF65B-FD05-457B-AA33-C64C257C8BA8} = {3F0E48C4-1162-4957-BC75-0D594D311B2C}
		{CD191E77-3CB2-45A8-A026-DA8890762FEC} = {3F0E48C4-1162-4957-BC75-0D594D311B2C}
		{AD0A253C-23DF-4543-B7F6-78DFCEC2DFEE} = {CD191E77-3CB2-45A8-A026-DA8890762FEC}
		{BBF7C783-9BFA-4C66-8C1E-D7991A463261} = {D56AF65B-FD05-457B-AA33-C64C257C8BA8}
		{25FFC520-17E5-4CA2-9069-C0748C3A73AD} = {666FB979-B37D-423F-BA50-772C0D1671D3}
		{5F0C0E5E-6398-4C0D-8E7F-6A14916E62DE} = {666FB979-B37D-423F-BA50-772C0D1671D3}
		{8C997655-4C71-4097-8A11-49E6C016258F} = {C40B5AAE-9633-4456-9D15-FE34F0016CA6}
		{F9634D8B-E395-41D4-8DED-ED474DC004BC} = {8C997655-4C71-4097-8A11-49E6C016258F}
		{074BACCB-D24B-4FA8-B608-7CCF23A842AD} = {8C997655-4C71-4097-8A11-49E6C016258F}
		{2472983B-258B-4E1C-A91D-85B66A39EE35} = {8C997655-4C71-4097-8A11-49E6C016258F}
		{149EEFE7-D59A-4401-B470-64F3280CA67F} = {8C997655-4C71-4097-8A11-49E6C016258F}
		{3C4C89FD-0233-49E0-962F-E55E87BD0BC5} = {8C997655-4C71-4097-8A11-49E6C016258F}
		{816BD806-220D-42CA-8010-C4A384DE8DFE} = {8C997655-4C71-4097-8A11-49E6C016258F}
		{D7FC0B95-EC11-4956-BF52-97494E7DAEAB} = {8C997655-4C71-4097-8A11-49E6C016258F}
	EndGlobalSection
	GlobalSection(ExtensibilityGlobals) = postSolution
		SolutionGuid = {BCAF50ED-E9B9-4CC2-9F6C-9C2AEB2D7918}
	EndGlobalSection
EndGlobal
